
Microsoft Visual Studio Solution File, Format Version 12.00
Project("{2150E333-8FDC-42A3-9474-1A3956D46DE8}") = "Blog.Hosted", "Blog.Hosted", "{CE71BF1D-CCA4-4315-AD0F-FE899580343C}"
EndProject
Project("{2150E333-8FDC-42A3-9474-1A3956D46DE8}") = "Blog.Packages", "Blog.Packages", "{D03B645D-4695-4EC0-92D2-1D877A5A1D9D}"
EndProject
Project("{2150E333-8FDC-42A3-9474-1A3956D46DE8}") = "src", "src", "{D5925677-E0EE-4F8F-8530-7F711E93FBAD}"
EndProject
Project("{2150E333-8FDC-42A3-9474-1A3956D46DE8}") = "Blog.Web", "src\Blog.Hosted\Blog.Web\Blog.Web.csproj", "{12CB5D51-D129-4F5C-93D8-CED7353F2FA6}"
EndProject
Project("{2150E333-8FDC-42A3-9474-1A3956D46DE8}") = "Blog.Jobs", "src\Blog.Hosted\Blog.Jobs\Blog.Jobs.csproj", "{74687BF1-E5C9-42CA-8821-BF40623C998C}"
EndProject
Project("{2150E333-8FDC-42A3-9474-1A3956D46DE8}") = "Package.Mongo", "src\Blog.Packages\Package.Mongo\Package.Mongo.csproj", "{2B2F4BE0-57C3-40D4-A417-8E86EBC2B073}"
EndProject
Project("{2150E333-8FDC-42A3-9474-1A3956D46DE8}") = "Package.Notion", "src\Blog.Packages\Package.Notion\Package.Notion.csproj", "{B49459CC-EF14-472E-8A73-783732469019}"
EndProject
Project("{2150E333-8FDC-42A3-9474-1A3956D46DE8}") = "Blog.Domain", "src\Blog.Domain\Blog.Domain.csproj", "{7A13024E-C672-427E-9CB4-DF272FD0244F}"
EndProject
Project("{2150E333-8FDC-42A3-9474-1A3956D46DE8}") = "Blog.Service", "src\Blog.Service\Blog.Service.csproj", "{4EFFECF9-1904-4D7A-B99A-405BA2DFA5BD}"
EndProject
Project("{2150E333-8FDC-42A3-9474-1A3956D46DE8}") = "Blog.Shared", "src\Blog.Shared\Blog.Shared.csproj", "{8945719D-72AA-485F-80E7-C2F1026789FC}"
EndProject
Global
	GlobalSection(SolutionConfigurationPlatforms) = preSolution
		Debug|Any CPU = Debug|Any CPU
		Release|Any CPU = Release|Any CPU
	EndGlobalSection
	GlobalSection(ProjectConfigurationPlatforms) = postSolution
		{12CB5D51-D129-4F5C-93D8-CED7353F2FA6}.Debug|Any CPU.ActiveCfg = Debug|Any CPU
		{12CB5D51-D129-4F5C-93D8-CED7353F2FA6}.Debug|Any CPU.Build.0 = Debug|Any CPU
		{12CB5D51-D129-4F5C-93D8-CED7353F2FA6}.Release|Any CPU.ActiveCfg = Release|Any CPU
		{12CB5D51-D129-4F5C-93D8-CED7353F2FA6}.Release|Any CPU.Build.0 = Release|Any CPU
		{74687BF1-E5C9-42CA-8821-BF40623C998C}.Debug|Any CPU.ActiveCfg = Debug|Any CPU
		{74687BF1-E5C9-42CA-8821-BF40623C998C}.Debug|Any CPU.Build.0 = Debug|Any CPU
		{74687BF1-E5C9-42CA-8821-BF40623C998C}.Release|Any CPU.ActiveCfg = Release|Any CPU
		{74687BF1-E5C9-42CA-8821-BF40623C998C}.Release|Any CPU.Build.0 = Release|Any CPU
		{2B2F4BE0-57C3-40D4-A417-8E86EBC2B073}.Debug|Any CPU.ActiveCfg = Debug|Any CPU
		{2B2F4BE0-57C3-40D4-A417-8E86EBC2B073}.Debug|Any CPU.Build.0 = Debug|Any CPU
		{2B2F4BE0-57C3-40D4-A417-8E86EBC2B073}.Release|Any CPU.ActiveCfg = Release|Any CPU
		{2B2F4BE0-57C3-40D4-A417-8E86EBC2B073}.Release|Any CPU.Build.0 = Release|Any CPU
		{B49459CC-EF14-472E-8A73-783732469019}.Debug|Any CPU.ActiveCfg = Debug|Any CPU
		{B49459CC-EF14-472E-8A73-783732469019}.Debug|Any CPU.Build.0 = Debug|Any CPU
		{B49459CC-EF14-472E-8A73-783732469019}.Release|Any CPU.ActiveCfg = Release|Any CPU
		{B49459CC-EF14-472E-8A73-783732469019}.Release|Any CPU.Build.0 = Release|Any CPU
	EndGlobalSection
	GlobalSection(NestedProjects) = preSolution
		{CE71BF1D-CCA4-4315-AD0F-FE899580343C} = {D5925677-E0EE-4F8F-8530-7F711E93FBAD}
		{D03B645D-4695-4EC0-92D2-1D877A5A1D9D} = {D5925677-E0EE-4F8F-8530-7F711E93FBAD}
		{12CB5D51-D129-4F5C-93D8-CED7353F2FA6} = {CE71BF1D-CCA4-4315-AD0F-FE899580343C}
		{74687BF1-E5C9-42CA-8821-BF40623C998C} = {CE71BF1D-CCA4-4315-AD0F-FE899580343C}
		{2B2F4BE0-57C3-40D4-A417-8E86EBC2B073} = {D03B645D-4695-4EC0-92D2-1D877A5A1D9D}
		{B49459CC-EF14-472E-8A73-783732469019} = {D03B645D-4695-4EC0-92D2-1D877A5A1D9D}
		{7A13024E-C672-427E-9CB4-DF272FD0244E} = {D5925677-E0EE-4F8F-8530-7F711E93FBAD}
		{4EFFECF9-1904-4D7A-B99A-405BA2DFA5BD} = {D5925677-E0EE-4F8F-8530-7F711E93FBAD}
		{8945719D-72AA-485F-80E7-C2F1026789FC} = {D5925677-E0EE-4F8F-8530-7F711E93FBAD}
	EndGlobalSection
EndGlobal
